{
  "nodes": {
    "nixpkgs": {
      "locked": {
        "lastModified": 1692894136,
        "narHash": "sha256-hV5i7SaHnx3WDouQpubzwM38ahLofd85EibwCOYuRuI=",
        "owner": "NixOS",
        "repo": "nixpkgs",
        "rev": "7dd4b0ab51123c9c11880199c5c1b6fba8bd194d",
        "type": "github"
      },
      "original": {
        "owner": "NixOS",
        "ref": "nixos-unstable-small",
        "repo": "nixpkgs",
        "type": "github"
      }
    },
    "root": {
      "inputs": {
        "nixpkgs": "nixpkgs"
      }
    }
  },
  "root": "root",
  "version": 7
}
