{
  "nodes": {
    "nixpkgs": {
      "locked": {
        "lastModified": 1650077293,
        "narHash": "sha256-Q14fxqkzmcx5/kl3OMf7v3qzm4jorMYhDmZS7Nlt8Ws=",
        "owner": "NixOS",
        "repo": "nixpkgs",
        "rev": "c59a0dbc738181bc20aaee4b0ad1a4bcfdaa347f",
        "type": "github"
      },
      "original": {
        "owner": "NixOS",
        "ref": "nixos-unstable-small",
        "repo": "nixpkgs",
        "type": "github"
      }
    },
    "root": {
      "inputs": {
        "nixpkgs": "nixpkgs"
      }
    }
  },
  "root": "root",
  "version": 7
}
