{
  "nodes": {
    "nixpkgs": {
      "locked": {
        "lastModified": 1709558755,
        "narHash": "sha256-hx4FIbk4X4ve1oiHLOj+VE6dzO4CtXBR5RSU6kaq34M=",
        "owner": "NixOS",
        "repo": "nixpkgs",
        "rev": "207107bbc7d6d19a8b2c36a088d3756d03490243",
        "type": "github"
      },
      "original": {
        "owner": "NixOS",
        "ref": "nixos-unstable-small",
        "repo": "nixpkgs",
        "type": "github"
      }
    },
    "root": {
      "inputs": {
        "nixpkgs": "nixpkgs"
      }
    }
  },
  "root": "root",
  "version": 7
}
